
Microsoft Visual Studio Solution File, Format Version 12.00
# Visual Studio Version 17
VisualStudioVersion = 17.7.34018.315
MinimumVisualStudioVersion = 10.0.40219.1
Project("{FAE04EC0-301F-11D3-BF4B-00C04F79EFBC}") = "SE211GroupProject", "SE211GroupProject\SE211GroupProject.csproj", "{465B7A54-2BB6-4FA0-B4B2-D2CF1B156C72}"
EndProject
Global
	GlobalSection(SolutionConfigurationPlatforms) = preSolution
		Debug|Any CPU = Debug|Any CPU
		Release|Any CPU = Release|Any CPU
	EndGlobalSection
	GlobalSection(ProjectConfigurationPlatforms) = postSolution
		{465B7A54-2BB6-4FA0-B4B2-D2CF1B156C72}.Debug|Any CPU.ActiveCfg = Debug|Any CPU
		{465B7A54-2BB6-4FA0-B4B2-D2CF1B156C72}.Debug|Any CPU.Build.0 = Debug|Any CPU
		{465B7A54-2BB6-4FA0-B4B2-D2CF1B156C72}.Release|Any CPU.ActiveCfg = Release|Any CPU
		{465B7A54-2BB6-4FA0-B4B2-D2CF1B156C72}.Release|Any CPU.Build.0 = Release|Any CPU
	EndGlobalSection
	GlobalSection(SolutionProperties) = preSolution
		HideSolutionNode = FALSE
	EndGlobalSection
	GlobalSection(ExtensibilityGlobals) = postSolution
		SolutionGuid = {A2367D1F-378B-467C-B453-71457D839CD3}
	EndGlobalSection
EndGlobal
